
Microsoft Visual Studio Solution File, Format Version 12.00
Project("{FAE04EC0-301F-11D3-BF4B-00C04F79EFBC}") = "Outerrim", "Outerrim\Outerrim.csproj", "{DE6FF013-E8CF-4F96-8FE0-9ACC2A2A2100}"
EndProject
Project("{FAE04EC0-301F-11D3-BF4B-00C04F79EFBC}") = "Model", "Model\Model.csproj", "{8ECED98F-AD5B-4DA0-8794-12FB4E40FC9C}"
EndProject
Global
	GlobalSection(SolutionConfigurationPlatforms) = preSolution
		Debug|Any CPU = Debug|Any CPU
		Release|Any CPU = Release|Any CPU
	EndGlobalSection
	GlobalSection(ProjectConfigurationPlatforms) = postSolution
		{DE6FF013-E8CF-4F96-8FE0-9ACC2A2A2100}.Debug|Any CPU.ActiveCfg = Debug|Any CPU
		{DE6FF013-E8CF-4F96-8FE0-9ACC2A2A2100}.Debug|Any CPU.Build.0 = Debug|Any CPU
		{DE6FF013-E8CF-4F96-8FE0-9ACC2A2A2100}.Release|Any CPU.ActiveCfg = Release|Any CPU
		{DE6FF013-E8CF-4F96-8FE0-9ACC2A2A2100}.Release|Any CPU.Build.0 = Release|Any CPU
		{8ECED98F-AD5B-4DA0-8794-12FB4E40FC9C}.Debug|Any CPU.ActiveCfg = Debug|Any CPU
		{8ECED98F-AD5B-4DA0-8794-12FB4E40FC9C}.Debug|Any CPU.Build.0 = Debug|Any CPU
		{8ECED98F-AD5B-4DA0-8794-12FB4E40FC9C}.Release|Any CPU.ActiveCfg = Release|Any CPU
		{8ECED98F-AD5B-4DA0-8794-12FB4E40FC9C}.Release|Any CPU.Build.0 = Release|Any CPU
	EndGlobalSection
EndGlobal
